// !$*UTF8*$!
{
	archiveVersion = 1;
	classes = {
	};
	objectVersion = 46;
	objects = {

/* Begin PBXBuildFile section */
		3BBAF6121E20EAFA009F3C9B /* AppDelegate.swift in Sources */ = {isa = PBXBuildFile; fileRef = 3BBAF6111E20EAFA009F3C9B /* AppDelegate.swift */; };
		3BBAF6141E20EAFA009F3C9B /* ViewController.swift in Sources */ = {isa = PBXBuildFile; fileRef = 3BBAF6131E20EAFA009F3C9B /* ViewController.swift */; };
		3BBAF6171E20EAFA009F3C9B /* Main.storyboard in Resources */ = {isa = PBXBuildFile; fileRef = 3BBAF6151E20EAFA009F3C9B /* Main.storyboard */; };
		3BBAF6191E20EAFA009F3C9B /* Assets.xcassets in Resources */ = {isa = PBXBuildFile; fileRef = 3BBAF6181E20EAFA009F3C9B /* Assets.xcassets */; };
		3BBAF61C1E20EAFA009F3C9B /* LaunchScreen.storyboard in Resources */ = {isa = PBXBuildFile; fileRef = 3BBAF61A1E20EAFA009F3C9B /* LaunchScreen.storyboard */; };
		3BBAF6241E20F54B009F3C9B /* pokemon.csv in Resources */ = {isa = PBXBuildFile; fileRef = 3BBAF6231E20F54B009F3C9B /* pokemon.csv */; };
/* End PBXBuildFile section */

/* Begin PBXFileReference section */
		3BBAF60E1E20EAFA009F3C9B /* pokedex.app */ = {isa = PBXFileReference; explicitFileType = wrapper.application; includeInIndex = 0; path = pokedex.app; sourceTree = BUILT_PRODUCTS_DIR; };
		3BBAF6111E20EAFA009F3C9B /* AppDelegate.swift */ = {isa = PBXFileReference; lastKnownFileType = sourcecode.swift; path = AppDelegate.swift; sourceTree = "<group>"; };
		3BBAF6131E20EAFA009F3C9B /* ViewController.swift */ = {isa = PBXFileReference; lastKnownFileType = sourcecode.swift; path = ViewController.swift; sourceTree = "<group>"; };
		3BBAF6161E20EAFA009F3C9B /* Base */ = {isa = PBXFileReference; lastKnownFileType = file.storyboard; name = Base; path = Base.lproj/Main.storyboard; sourceTree = "<group>"; };
		3BBAF6181E20EAFA009F3C9B /* Assets.xcassets */ = {isa = PBXFileReference; lastKnownFileType = folder.assetcatalog; path = Assets.xcassets; sourceTree = "<group>"; };
		3BBAF61B1E20EAFA009F3C9B /* Base */ = {isa = PBXFileReference; lastKnownFileType = file.storyboard; name = Base; path = Base.lproj/LaunchScreen.storyboard; sourceTree = "<group>"; };
		3BBAF61D1E20EAFA009F3C9B /* Info.plist */ = {isa = PBXFileReference; lastKnownFileType = text.plist.xml; path = Info.plist; sourceTree = "<group>"; };
		3BBAF6231E20F54B009F3C9B /* pokemon.csv */ = {isa = PBXFileReference; fileEncoding = 4; lastKnownFileType = text; path = pokemon.csv; sourceTree = "<group>"; };
/* End PBXFileReference section */

/* Begin PBXFrameworksBuildPhase section */
		3BBAF60B1E20EAF9009F3C9B /* Frameworks */ = {
			isa = PBXFrameworksBuildPhase;
			buildActionMask = 2147483647;
			files = (
			);
			runOnlyForDeploymentPostprocessing = 0;
		};
/* End PBXFrameworksBuildPhase section */

/* Begin PBXGroup section */
		3BBAF6051E20EAF9009F3C9B = {
			isa = PBXGroup;
			children = (
				3BBAF6101E20EAFA009F3C9B /* pokedex */,
				3BBAF60F1E20EAFA009F3C9B /* Products */,
			);
			sourceTree = "<group>";
		};
		3BBAF60F1E20EAFA009F3C9B /* Products */ = {
			isa = PBXGroup;
			children = (
				3BBAF60E1E20EAFA009F3C9B /* pokedex.app */,
			);
			name = Products;
			sourceTree = "<group>";
		};
		3BBAF6101E20EAFA009F3C9B /* pokedex */ = {
			isa = PBXGroup;
			children = (
				3BBAF6111E20EAFA009F3C9B /* AppDelegate.swift */,
				3BBAF6131E20EAFA009F3C9B /* ViewController.swift */,
				3BBAF6151E20EAFA009F3C9B /* Main.storyboard */,
				3BBAF6231E20F54B009F3C9B /* pokemon.csv */,
				3BBAF6181E20EAFA009F3C9B /* Assets.xcassets */,
				3BBAF61A1E20EAFA009F3C9B /* LaunchScreen.storyboard */,
				3BBAF61D1E20EAFA009F3C9B /* Info.plist */,
			);
			path = pokedex;
			sourceTree = "<group>";
		};
/* End PBXGroup section */

/* Begin PBXNativeTarget section */
		3BBAF60D1E20EAF9009F3C9B /* pokedex */ = {
			isa = PBXNativeTarget;
			buildConfigurationList = 3BBAF6201E20EAFA009F3C9B /* Build configuration list for PBXNativeTarget "pokedex" */;
			buildPhases = (
				3BBAF60A1E20EAF9009F3C9B /* Sources */,
				3BBAF60B1E20EAF9009F3C9B /* Frameworks */,
				3BBAF60C1E20EAF9009F3C9B /* Resources */,
			);
			buildRules = (
			);
			dependencies = (
			);
			name = pokedex;
			productName = pokedex;
			productReference = 3BBAF60E1E20EAFA009F3C9B /* pokedex.app */;
			productType = "com.apple.product-type.application";
		};
/* End PBXNativeTarget section */

/* Begin PBXProject section */
		3BBAF6061E20EAF9009F3C9B /* Project object */ = {
			isa = PBXProject;
			attributes = {
				LastSwiftUpdateCheck = 0820;
				LastUpgradeCheck = 0820;
				ORGANIZATIONNAME = YashwanthMadaka;
				TargetAttributes = {
					3BBAF60D1E20EAF9009F3C9B = {
						CreatedOnToolsVersion = 8.2;
						ProvisioningStyle = Automatic;
					};
				};
			};
			buildConfigurationList = 3BBAF6091E20EAF9009F3C9B /* Build configuration list for PBXProject "pokedex" */;
			compatibilityVersion = "Xcode 3.2";
			developmentRegion = English;
			hasScannedForEncodings = 0;
			knownRegions = (
				en,
				Base,
			);
			mainGroup = 3BBAF6051E20EAF9009F3C9B;
			productRefGroup = 3BBAF60F1E20EAFA009F3C9B /* Products */;
			projectDirPath = "";
			projectRoot = "";
			targets = (
				3BBAF60D1E20EAF9009F3C9B /* pokedex */,
			);
		};
/* End PBXProject section */

/* Begin PBXResourcesBuildPhase section */
		3BBAF60C1E20EAF9009F3C9B /* Resources */ = {
			isa = PBXResourcesBuildPhase;
			buildActionMask = 2147483647;
			files = (
				3BBAF61C1E20EAFA009F3C9B /* LaunchScreen.storyboard in Resources */,
				3BBAF6191E20EAFA009F3C9B /* Assets.xcassets in Resources */,
				3BBAF6241E20F54B009F3C9B /* pokemon.csv in Resources */,
				3BBAF6171E20EAFA009F3C9B /* Main.storyboard in Resources */,
			);
			runOnlyForDeploymentPostprocessing = 0;
		};
/* End PBXResourcesBuildPhase section */

/* Begin PBXSourcesBuildPhase section */
		3BBAF60A1E20EAF9009F3C9B /* Sources */ = {
			isa = PBXSourcesBuildPhase;
			buildActionMask = 2147483647;
			files = (
				3BBAF6141E20EAFA009F3C9B /* ViewController.swift in Sources */,
				3BBAF6121E20EAFA009F3C9B /* AppDelegate.swift in Sources */,
			);
			runOnlyForDeploymentPostprocessing = 0;
		};
/* End PBXSourcesBuildPhase section */

/* Begin PBXVariantGroup section */
		3BBAF6151E20EAFA009F3C9B /* Main.storyboard */ = {
			isa = PBXVariantGroup;
			children = (
				3BBAF6161E20EAFA009F3C9B /* Base */,
			);
			name = Main.storyboard;
			sourceTree = "<group>";
		};
		3BBAF61A1E20EAFA009F3C9B /* LaunchScreen.storyboard */ = {
			isa = PBXVariantGroup;
			children = (
				3BBAF61B1E20EAFA009F3C9B /* Base */,
			);
			name = LaunchScreen.storyboard;
			sourceTree = "<group>";
		};
/* End PBXVariantGroup section */

/* Begin XCBuildConfiguration section */
		3BBAF61E1E20EAFA009F3C9B /* Debug */ = {
			isa = XCBuildConfiguration;
			buildSettings = {
				ALWAYS_SEARCH_USER_PATHS = NO;
				CLANG_ANALYZER_NONNULL = YES;
				CLANG_CXX_LANGUAGE_STANDARD = "gnu++0x";
				CLANG_CXX_LIBRARY = "libc++";
				CLANG_ENABLE_MODULES = YES;
				CLANG_ENABLE_OBJC_ARC = YES;
				CLANG_WARN_BOOL_CONVERSION = YES;
				CLANG_WARN_CONSTANT_CONVERSION = YES;
				CLANG_WARN_DIRECT_OBJC_ISA_USAGE = YES_ERROR;
				CLANG_WARN_DOCUMENTATION_COMMENTS = YES;
				CLANG_WARN_EMPTY_BODY = YES;
				CLANG_WARN_ENUM_CONVERSION = YES;
				CLANG_WARN_INFINITE_RECURSION = YES;
				CLANG_WARN_INT_CONVERSION = YES;
				CLANG_WARN_OBJC_ROOT_CLASS = YES_ERROR;
				CLANG_WARN_SUSPICIOUS_MOVE = YES;
				CLANG_WARN_UNREACHABLE_CODE = YES;
				CLANG_WARN__DUPLICATE_METHOD_MATCH = YES;
				"CODE_SIGN_IDENTITY[sdk=iphoneos*]" = "iPhone Developer";
				COPY_PHASE_STRIP = NO;
				DEBUG_INFORMATION_FORMAT = dwarf;
				ENABLE_STRICT_OBJC_MSGSEND = YES;
				ENABLE_TESTABILITY = YES;
				GCC_C_LANGUAGE_STANDARD = gnu99;
				GCC_DYNAMIC_NO_PIC = NO;
				GCC_NO_COMMON_BLOCKS = YES;
				GCC_OPTIMIZATION_LEVEL = 0;
				GCC_PREPROCESSOR_DEFINITIONS = (
					"DEBUG=1",
					"$(inherited)",
				);
				GCC_WARN_64_TO_32_BIT_CONVERSION = YES;
				GCC_WARN_ABOUT_RETURN_TYPE = YES_ERROR;
				GCC_WARN_UNDECLARED_SELECTOR = YES;
				GCC_WARN_UNINITIALIZED_AUTOS = YES_AGGRESSIVE;
				GCC_WARN_UNUSED_FUNCTION = YES;
				GCC_WARN_UNUSED_VARIABLE = YES;
				IPHONEOS_DEPLOYMENT_TARGET = 10.2;
				MTL_ENABLE_DEBUG_INFO = YES;
				ONLY_ACTIVE_ARCH = YES;
				SDKROOT = iphoneos;
				SWIFT_ACTIVE_COMPILATION_CONDITIONS = DEBUG;
				SWIFT_OPTIMIZATION_LEVEL = "-Onone";
			};
			name = Debug;
		};
		3BBAF61F1E20EAFA009F3C9B /* Release */ = {
			isa = XCBuildConfiguration;
			buildSettings = {
				ALWAYS_SEARCH_USER_PATHS = NO;
				CLANG_ANALYZER_NONNULL = YES;
				CLANG_CXX_LANGUAGE_STANDARD = "gnu++0x";
				CLANG_CXX_LIBRARY = "libc++";
				CLANG_ENABLE_MODULES = YES;
				CLANG_ENABLE_OBJC_ARC = YES;
				CLANG_WARN_BOOL_CONVERSION = YES;
				CLANG_WARN_CONSTANT_CONVERSION = YES;
				CLANG_WARN_DIRECT_OBJC_ISA_USAGE = YES_ERROR;
				CLANG_WARN_DOCUMENTATION_COMMENTS = YES;
				CLANG_WARN_EMPTY_BODY = YES;
				CLANG_WARN_ENUM_CONVERSION = YES;
				CLANG_WARN_INFINITE_RECURSION = YES;
				CLANG_WARN_INT_CONVERSION = YES;
				CLANG_WARN_OBJC_ROOT_CLASS = YES_ERROR;
				CLANG_WARN_SUSPICIOUS_MOVE = YES;
				CLANG_WARN_UNREACHABLE_CODE = YES;
				CLANG_WARN__DUPLICATE_METHOD_MATCH = YES;
				"CODE_SIGN_IDENTITY[sdk=iphoneos*]" = "iPhone Developer";
				COPY_PHASE_STRIP = NO;
				DEBUG_INFORMATION_FORMAT = "dwarf-with-dsym";
				ENABLE_NS_ASSERTIONS = NO;
				ENABLE_STRICT_OBJC_MSGSEND = YES;
				GCC_C_LANGUAGE_STANDARD = gnu99;
				GCC_NO_COMMON_BLOCKS = YES;
				GCC_WARN_64_TO_32_BIT_CONVERSION = YES;
				GCC_WARN_ABOUT_RETURN_TYPE = YES_ERROR;
				GCC_WARN_UNDECLARED_SELECTOR = YES;
				GCC_WARN_UNINITIALIZED_AUTOS = YES_AGGRESSIVE;
				GCC_WARN_UNUSED_FUNCTION = YES;
				GCC_WARN_UNUSED_VARIABLE = YES;
				IPHONEOS_DEPLOYMENT_TARGET = 10.2;
				MTL_ENABLE_DEBUG_INFO = NO;
				SDKROOT = iphoneos;
				SWIFT_OPTIMIZATION_LEVEL = "-Owholemodule";
				VALIDATE_PRODUCT = YES;
			};
			name = Release;
		};
		3BBAF6211E20EAFA009F3C9B /* Debug */ = {
			isa = XCBuildConfiguration;
			buildSettings = {
				ASSETCATALOG_COMPILER_APPICON_NAME = AppIcon;
				INFOPLIST_FILE = pokedex/Info.plist;
				LD_RUNPATH_SEARCH_PATHS = "$(inherited) @executable_path/Frameworks";
				PRODUCT_BUNDLE_IDENTIFIER = com.apple.pokedex;
				PRODUCT_NAME = "$(TARGET_NAME)";
				SWIFT_VERSION = 3.0;
			};
			name = Debug;
		};
		3BBAF6221E20EAFA009F3C9B /* Release */ = {
			isa = XCBuildConfiguration;
			buildSettings = {
				ASSETCATALOG_COMPILER_APPICON_NAME = AppIcon;
				INFOPLIST_FILE = pokedex/Info.plist;
				LD_RUNPATH_SEARCH_PATHS = "$(inherited) @executable_path/Frameworks";
				PRODUCT_BUNDLE_IDENTIFIER = com.apple.pokedex;
				PRODUCT_NAME = "$(TARGET_NAME)";
				SWIFT_VERSION = 3.0;
			};
			name = Release;
		};
/* End XCBuildConfiguration section */

/* Begin XCConfigurationList section */
		3BBAF6091E20EAF9009F3C9B /* Build configuration list for PBXProject "pokedex" */ = {
			isa = XCConfigurationList;
			buildConfigurations = (
				3BBAF61E1E20EAFA009F3C9B /* Debug */,
				3BBAF61F1E20EAFA009F3C9B /* Release */,
			);
			defaultConfigurationIsVisible = 0;
			defaultConfigurationName = Release;
		};
		3BBAF6201E20EAFA009F3C9B /* Build configuration list for PBXNativeTarget "pokedex" */ = {
			isa = XCConfigurationList;
			buildConfigurations = (
				3BBAF6211E20EAFA009F3C9B /* Debug */,
				3BBAF6221E20EAFA009F3C9B /* Release */,
			);
			defaultConfigurationIsVisible = 0;
		};
/* End XCConfigurationList section */
	};
	rootObject = 3BBAF6061E20EAF9009F3C9B /* Project object */;
}
